
Microsoft Visual Studio Solution File, Format Version 12.00
# Visual Studio Version 17
VisualStudioVersion = 17.14.36408.4 d17.14
MinimumVisualStudioVersion = 10.0.40219.1
Project("{FAE04EC0-301F-11D3-BF4B-00C04F79EFBC}") = "OOP_1lab_1block", "OOP_1lab_1block\OOP_1lab_1block.csproj", "{111D4EB7-4CFA-4B08-B626-A1A73BC31C6C}"
EndProject
Project("{FAE04EC0-301F-11D3-BF4B-00C04F79EFBC}") = "OOP_1lab_2block", "OOP_1lab_2block\OOP_1lab_2block.csproj", "{EE5FE6F8-1075-4F28-96AF-4DD7B0D53C86}"
EndProject
Global
	GlobalSection(SolutionConfigurationPlatforms) = preSolution
		Debug|Any CPU = Debug|Any CPU
		Release|Any CPU = Release|Any CPU
	EndGlobalSection
	GlobalSection(ProjectConfigurationPlatforms) = postSolution
		{111D4EB7-4CFA-4B08-B626-A1A73BC31C6C}.Debug|Any CPU.ActiveCfg = Debug|Any CPU
		{111D4EB7-4CFA-4B08-B626-A1A73BC31C6C}.Debug|Any CPU.Build.0 = Debug|Any CPU
		{111D4EB7-4CFA-4B08-B626-A1A73BC31C6C}.Release|Any CPU.ActiveCfg = Release|Any CPU
		{111D4EB7-4CFA-4B08-B626-A1A73BC31C6C}.Release|Any CPU.Build.0 = Release|Any CPU
		{EE5FE6F8-1075-4F28-96AF-4DD7B0D53C86}.Debug|Any CPU.ActiveCfg = Debug|Any CPU
		{EE5FE6F8-1075-4F28-96AF-4DD7B0D53C86}.Debug|Any CPU.Build.0 = Debug|Any CPU
		{EE5FE6F8-1075-4F28-96AF-4DD7B0D53C86}.Release|Any CPU.ActiveCfg = Release|Any CPU
		{EE5FE6F8-1075-4F28-96AF-4DD7B0D53C86}.Release|Any CPU.Build.0 = Release|Any CPU
	EndGlobalSection
	GlobalSection(SolutionProperties) = preSolution
		HideSolutionNode = FALSE
	EndGlobalSection
	GlobalSection(ExtensibilityGlobals) = postSolution
		SolutionGuid = {427A8A0E-6E02-444E-A71A-8FBEBEB22135}
	EndGlobalSection
EndGlobal
